
Microsoft Visual Studio Solution File, Format Version 12.00
# Visual Studio Version 16
VisualStudioVersion = 16.0.32106.194
MinimumVisualStudioVersion = 10.0.40219.1
Project("{FAE04EC0-301F-11D3-BF4B-00C04F79EFBC}") = "DBOperation", "DBOperation\DBOperation.csproj", "{2BC5FD5C-3D29-4C91-8EC9-23104853BE57}"
EndProject
Global
	GlobalSection(SolutionConfigurationPlatforms) = preSolution
		Debug|Any CPU = Debug|Any CPU
		Release|Any CPU = Release|Any CPU
	EndGlobalSection
	GlobalSection(ProjectConfigurationPlatforms) = postSolution
		{2BC5FD5C-3D29-4C91-8EC9-23104853BE57}.Debug|Any CPU.ActiveCfg = Debug|Any CPU
		{2BC5FD5C-3D29-4C91-8EC9-23104853BE57}.Debug|Any CPU.Build.0 = Debug|Any CPU
		{2BC5FD5C-3D29-4C91-8EC9-23104853BE57}.Release|Any CPU.ActiveCfg = Release|Any CPU
		{2BC5FD5C-3D29-4C91-8EC9-23104853BE57}.Release|Any CPU.Build.0 = Release|Any CPU
	EndGlobalSection
	GlobalSection(SolutionProperties) = preSolution
		HideSolutionNode = FALSE
	EndGlobalSection
	GlobalSection(ExtensibilityGlobals) = postSolution
		SolutionGuid = {0163BCE2-8B24-49B0-BF75-17635AF67FBA}
	EndGlobalSection
EndGlobal
